
Microsoft Visual Studio Solution File, Format Version 12.00
# Visual Studio Version 17
VisualStudioVersion = 17.3.32922.545
MinimumVisualStudioVersion = 10.0.40219.1
Project("{FAE04EC0-301F-11D3-BF4B-00C04F79EFBC}") = "Hubtel.Wallets.Api", "Hubtel.Wallets.Api\Hubtel.Wallets.Api.csproj", "{03797E4E-571B-4672-B7D8-4160C3A34C2C}"
EndProject
Global
	GlobalSection(SolutionConfigurationPlatforms) = preSolution
		Debug|Any CPU = Debug|Any CPU
		Release|Any CPU = Release|Any CPU
	EndGlobalSection
	GlobalSection(ProjectConfigurationPlatforms) = postSolution
		{03797E4E-571B-4672-B7D8-4160C3A34C2C}.Debug|Any CPU.ActiveCfg = Debug|Any CPU
		{03797E4E-571B-4672-B7D8-4160C3A34C2C}.Debug|Any CPU.Build.0 = Debug|Any CPU
		{03797E4E-571B-4672-B7D8-4160C3A34C2C}.Release|Any CPU.ActiveCfg = Release|Any CPU
		{03797E4E-571B-4672-B7D8-4160C3A34C2C}.Release|Any CPU.Build.0 = Release|Any CPU
	EndGlobalSection
	GlobalSection(SolutionProperties) = preSolution
		HideSolutionNode = FALSE
	EndGlobalSection
	GlobalSection(ExtensibilityGlobals) = postSolution
		SolutionGuid = {D7873C9A-48A4-4335-84B0-76C94417C836}
	EndGlobalSection
EndGlobal
